
Microsoft Visual Studio Solution File, Format Version 12.00
# Visual Studio 14
VisualStudioVersion = 14.0.25420.1
MinimumVisualStudioVersion = 10.0.40219.1
Project("{FAE04EC0-301F-11D3-BF4B-00C04F79EFBC}") = "RSA", "RSA\RSA.csproj", "{9F1E8B13-C621-458C-894C-9C8B02D010CA}"
EndProject
Global
	GlobalSection(SolutionConfigurationPlatforms) = preSolution
		Debug|Any CPU = Debug|Any CPU
		Release|Any CPU = Release|Any CPU
	EndGlobalSection
	GlobalSection(ProjectConfigurationPlatforms) = postSolution
		{9F1E8B13-C621-458C-894C-9C8B02D010CA}.Debug|Any CPU.ActiveCfg = Debug|Any CPU
		{9F1E8B13-C621-458C-894C-9C8B02D010CA}.Debug|Any CPU.Build.0 = Debug|Any CPU
		{9F1E8B13-C621-458C-894C-9C8B02D010CA}.Release|Any CPU.ActiveCfg = Release|Any CPU
		{9F1E8B13-C621-458C-894C-9C8B02D010CA}.Release|Any CPU.Build.0 = Release|Any CPU
	EndGlobalSection
	GlobalSection(SolutionProperties) = preSolution
		HideSolutionNode = FALSE
	EndGlobalSection
EndGlobal
